
Microsoft Visual Studio Solution File, Format Version 12.00
# Visual Studio Version 16
VisualStudioVersion = 16.0.29311.281
MinimumVisualStudioVersion = 10.0.40219.1
Project("{9A19103F-16F7-4668-BE54-9A1E7A4F7556}") = "Core.ECS", "ECSCore\Core.ECS.csproj", "{C6014EF8-801D-4D6E-AF1D-46BB9903B9A1}"
EndProject
Project("{9A19103F-16F7-4668-BE54-9A1E7A4F7556}") = "CoreTests", "ECSCoreTests\CoreTests.csproj", "{2904C945-AE09-42DE-A83B-32DBA433EEBD}"
	ProjectSection(ProjectDependencies) = postProject
		{C6014EF8-801D-4D6E-AF1D-46BB9903B9A1} = {C6014EF8-801D-4D6E-AF1D-46BB9903B9A1}
	EndProjectSection
EndProject
Project("{9A19103F-16F7-4668-BE54-9A1E7A4F7556}") = "CoreBenchmarks", "ECSCoreBenchmarks\CoreBenchmarks.csproj", "{DDA84B28-93FA-4EFA-A665-06A51F0D248D}"
EndProject
Project("{9A19103F-16F7-4668-BE54-9A1E7A4F7556}") = "Core.Graphics", "GraphicsCore\Core.Graphics.csproj", "{DC42876F-D078-41DA-8E9B-24F82C97BF21}"
EndProject
Project("{FAE04EC0-301F-11D3-BF4B-00C04F79EFBC}") = "TestApp", "TestApp\TestApp.csproj", "{AB5B383C-E35A-4799-BEE0-1419477182C3}"
EndProject
Project("{FAE04EC0-301F-11D3-BF4B-00C04F79EFBC}") = "Core", "Core\Core.csproj", "{9D73FFDA-6AE4-42F6-8C98-E5654486A374}"
EndProject
Project("{FAE04EC0-301F-11D3-BF4B-00C04F79EFBC}") = "Core.AssetSystem", "Core.AssetSystem\Core.AssetSystem.csproj", "{71848B0A-6609-4079-A4F4-0C4C79FA2AEE}"
EndProject
Global
	GlobalSection(SolutionConfigurationPlatforms) = preSolution
		Debug|Any CPU = Debug|Any CPU
		Release|Any CPU = Release|Any CPU
	EndGlobalSection
	GlobalSection(ProjectConfigurationPlatforms) = postSolution
		{C6014EF8-801D-4D6E-AF1D-46BB9903B9A1}.Debug|Any CPU.ActiveCfg = Debug|Any CPU
		{C6014EF8-801D-4D6E-AF1D-46BB9903B9A1}.Debug|Any CPU.Build.0 = Debug|Any CPU
		{C6014EF8-801D-4D6E-AF1D-46BB9903B9A1}.Release|Any CPU.ActiveCfg = Release|Any CPU
		{C6014EF8-801D-4D6E-AF1D-46BB9903B9A1}.Release|Any CPU.Build.0 = Release|Any CPU
		{2904C945-AE09-42DE-A83B-32DBA433EEBD}.Debug|Any CPU.ActiveCfg = Debug|Any CPU
		{2904C945-AE09-42DE-A83B-32DBA433EEBD}.Debug|Any CPU.Build.0 = Debug|Any CPU
		{2904C945-AE09-42DE-A83B-32DBA433EEBD}.Release|Any CPU.ActiveCfg = Release|Any CPU
		{2904C945-AE09-42DE-A83B-32DBA433EEBD}.Release|Any CPU.Build.0 = Release|Any CPU
		{DDA84B28-93FA-4EFA-A665-06A51F0D248D}.Debug|Any CPU.ActiveCfg = Debug|Any CPU
		{DDA84B28-93FA-4EFA-A665-06A51F0D248D}.Debug|Any CPU.Build.0 = Debug|Any CPU
		{DDA84B28-93FA-4EFA-A665-06A51F0D248D}.Release|Any CPU.ActiveCfg = Release|Any CPU
		{DDA84B28-93FA-4EFA-A665-06A51F0D248D}.Release|Any CPU.Build.0 = Release|Any CPU
		{DC42876F-D078-41DA-8E9B-24F82C97BF21}.Debug|Any CPU.ActiveCfg = Debug|Any CPU
		{DC42876F-D078-41DA-8E9B-24F82C97BF21}.Debug|Any CPU.Build.0 = Debug|Any CPU
		{DC42876F-D078-41DA-8E9B-24F82C97BF21}.Release|Any CPU.ActiveCfg = Release|Any CPU
		{DC42876F-D078-41DA-8E9B-24F82C97BF21}.Release|Any CPU.Build.0 = Release|Any CPU
		{AB5B383C-E35A-4799-BEE0-1419477182C3}.Debug|Any CPU.ActiveCfg = Debug|Any CPU
		{AB5B383C-E35A-4799-BEE0-1419477182C3}.Debug|Any CPU.Build.0 = Debug|Any CPU
		{AB5B383C-E35A-4799-BEE0-1419477182C3}.Release|Any CPU.ActiveCfg = Release|Any CPU
		{AB5B383C-E35A-4799-BEE0-1419477182C3}.Release|Any CPU.Build.0 = Release|Any CPU
		{9D73FFDA-6AE4-42F6-8C98-E5654486A374}.Debug|Any CPU.ActiveCfg = Debug|Any CPU
		{9D73FFDA-6AE4-42F6-8C98-E5654486A374}.Debug|Any CPU.Build.0 = Debug|Any CPU
		{9D73FFDA-6AE4-42F6-8C98-E5654486A374}.Release|Any CPU.ActiveCfg = Release|Any CPU
		{9D73FFDA-6AE4-42F6-8C98-E5654486A374}.Release|Any CPU.Build.0 = Release|Any CPU
		{71848B0A-6609-4079-A4F4-0C4C79FA2AEE}.Debug|Any CPU.ActiveCfg = Debug|Any CPU
		{71848B0A-6609-4079-A4F4-0C4C79FA2AEE}.Debug|Any CPU.Build.0 = Debug|Any CPU
		{71848B0A-6609-4079-A4F4-0C4C79FA2AEE}.Release|Any CPU.ActiveCfg = Release|Any CPU
		{71848B0A-6609-4079-A4F4-0C4C79FA2AEE}.Release|Any CPU.Build.0 = Release|Any CPU
	EndGlobalSection
	GlobalSection(SolutionProperties) = preSolution
		HideSolutionNode = FALSE
	EndGlobalSection
	GlobalSection(ExtensibilityGlobals) = postSolution
		SolutionGuid = {53A7B8A8-454F-4820-AD77-6876FCF7014E}
	EndGlobalSection
EndGlobal
